{
  "name": "wix-rich-content-viewer",
  "version": "1.6.10",
  "lockfileVersion": 1,
  "requires": true,
  "dependencies": {
    "direction": {
      "version": "1.0.2",
      "resolved": "https://registry.npmjs.org/direction/-/direction-1.0.2.tgz",
      "integrity": "sha512-hSKoz5FBn+zhP9vWKkVQaaxnRDg3/MoPdcg2au54HIUDR8MrP8Ah1jXSJwCXel6SV3Afh5DSzc8Uqv2r1UoQwQ=="
    }
  }
}
